
Microsoft Visual Studio Solution File, Format Version 12.00
# Visual Studio Version 16
VisualStudioVersion = 16.0.31605.320
MinimumVisualStudioVersion = 10.0.40219.1
Project("{FAE04EC0-301F-11D3-BF4B-00C04F79EFBC}") = "Anonymous Function or Method", "Anonymous Function or Method\Anonymous Function or Method.csproj", "{B5771FD8-407B-4557-9DAF-7D2730B169DA}"
EndProject
Global
	GlobalSection(SolutionConfigurationPlatforms) = preSolution
		Debug|Any CPU = Debug|Any CPU
		Release|Any CPU = Release|Any CPU
	EndGlobalSection
	GlobalSection(ProjectConfigurationPlatforms) = postSolution
		{B5771FD8-407B-4557-9DAF-7D2730B169DA}.Debug|Any CPU.ActiveCfg = Debug|Any CPU
		{B5771FD8-407B-4557-9DAF-7D2730B169DA}.Debug|Any CPU.Build.0 = Debug|Any CPU
		{B5771FD8-407B-4557-9DAF-7D2730B169DA}.Release|Any CPU.ActiveCfg = Release|Any CPU
		{B5771FD8-407B-4557-9DAF-7D2730B169DA}.Release|Any CPU.Build.0 = Release|Any CPU
	EndGlobalSection
	GlobalSection(SolutionProperties) = preSolution
		HideSolutionNode = FALSE
	EndGlobalSection
	GlobalSection(ExtensibilityGlobals) = postSolution
		SolutionGuid = {2BB60D7A-AEA6-4554-A99E-A4B82EC7BE9E}
	EndGlobalSection
EndGlobal
